
Microsoft Visual Studio Solution File, Format Version 12.00
# Visual Studio Version 17
VisualStudioVersion = 17.14.36221.1
MinimumVisualStudioVersion = 10.0.40219.1
Project("{FAE04EC0-301F-11D3-BF4B-00C04F79EFBC}") = "NetherTools", "NetherTools\NetherTools.csproj", "{D02F327C-9D0D-498D-B189-94101AD8E782}"
EndProject
Project("{FAE04EC0-301F-11D3-BF4B-00C04F79EFBC}") = "Test", "Test\Test.csproj", "{BB2C032F-C80E-4C3D-800C-D535D45EB1EC}"
EndProject
Global
	GlobalSection(SolutionConfigurationPlatforms) = preSolution
		Debug|Any CPU = Debug|Any CPU
		Release|Any CPU = Release|Any CPU
	EndGlobalSection
	GlobalSection(ProjectConfigurationPlatforms) = postSolution
		{D02F327C-9D0D-498D-B189-94101AD8E782}.Debug|Any CPU.ActiveCfg = Debug|Any CPU
		{D02F327C-9D0D-498D-B189-94101AD8E782}.Debug|Any CPU.Build.0 = Debug|Any CPU
		{D02F327C-9D0D-498D-B189-94101AD8E782}.Release|Any CPU.ActiveCfg = Release|Any CPU
		{D02F327C-9D0D-498D-B189-94101AD8E782}.Release|Any CPU.Build.0 = Release|Any CPU
		{BB2C032F-C80E-4C3D-800C-D535D45EB1EC}.Debug|Any CPU.ActiveCfg = Debug|Any CPU
		{BB2C032F-C80E-4C3D-800C-D535D45EB1EC}.Debug|Any CPU.Build.0 = Debug|Any CPU
		{BB2C032F-C80E-4C3D-800C-D535D45EB1EC}.Release|Any CPU.ActiveCfg = Release|Any CPU
		{BB2C032F-C80E-4C3D-800C-D535D45EB1EC}.Release|Any CPU.Build.0 = Release|Any CPU
	EndGlobalSection
	GlobalSection(SolutionProperties) = preSolution
		HideSolutionNode = FALSE
	EndGlobalSection
	GlobalSection(ExtensibilityGlobals) = postSolution
		SolutionGuid = {F2FDC099-6534-4599-A8CF-70ABEA526D6D}
	EndGlobalSection
EndGlobal
